
Microsoft Visual Studio Solution File, Format Version 12.00
# Visual Studio Version 17
VisualStudioVersion = 17.12.35506.116
MinimumVisualStudioVersion = 10.0.40219.1
Project("{2150E333-8FDC-42A3-9474-1A3956D46DE8}") = "Services", "Services", "{FEC76007-110E-49C3-B69F-DD9A7FF6DE53}"
EndProject
Project("{2150E333-8FDC-42A3-9474-1A3956D46DE8}") = "Catalog", "Catalog", "{87D09CF0-CEC5-4D09-BFF4-DF5E500B3587}"
EndProject
Project("{FAE04EC0-301F-11D3-BF4B-00C04F79EFBC}") = "Catalog.API", "Services\Catalog\Catalog.API\Catalog.API.csproj", "{BA4A5406-A5BC-4A92-972A-2B565913BF71}"
EndProject
Global
	GlobalSection(SolutionConfigurationPlatforms) = preSolution
		Debug|Any CPU = Debug|Any CPU
		Release|Any CPU = Release|Any CPU
	EndGlobalSection
	GlobalSection(ProjectConfigurationPlatforms) = postSolution
		{BA4A5406-A5BC-4A92-972A-2B565913BF71}.Debug|Any CPU.ActiveCfg = Debug|Any CPU
		{BA4A5406-A5BC-4A92-972A-2B565913BF71}.Debug|Any CPU.Build.0 = Debug|Any CPU
		{BA4A5406-A5BC-4A92-972A-2B565913BF71}.Release|Any CPU.ActiveCfg = Release|Any CPU
		{BA4A5406-A5BC-4A92-972A-2B565913BF71}.Release|Any CPU.Build.0 = Release|Any CPU
	EndGlobalSection
	GlobalSection(SolutionProperties) = preSolution
		HideSolutionNode = FALSE
	EndGlobalSection
	GlobalSection(NestedProjects) = preSolution
		{87D09CF0-CEC5-4D09-BFF4-DF5E500B3587} = {FEC76007-110E-49C3-B69F-DD9A7FF6DE53}
		{BA4A5406-A5BC-4A92-972A-2B565913BF71} = {87D09CF0-CEC5-4D09-BFF4-DF5E500B3587}
	EndGlobalSection
EndGlobal
