
Microsoft Visual Studio Solution File, Format Version 12.00
# Visual Studio Version 17
VisualStudioVersion = 17.12.35506.116
MinimumVisualStudioVersion = 10.0.40219.1
Project("{2150E333-8FDC-42A3-9474-1A3956D46DE8}") = "Services", "Services", "{FEC76007-110E-49C3-B69F-DD9A7FF6DE53}"
EndProject
Project("{2150E333-8FDC-42A3-9474-1A3956D46DE8}") = "Catalog", "Catalog", "{87D09CF0-CEC5-4D09-BFF4-DF5E500B3587}"
EndProject
Project("{9A19103F-16F7-4668-BE54-9A1E7A4F7556}") = "Catalog.API", "Services\Catalog\Catalog.API\Catalog.API.csproj", "{BA4A5406-A5BC-4A92-972A-2B565913BF71}"
EndProject
Project("{2150E333-8FDC-42A3-9474-1A3956D46DE8}") = "BuildingBlocks", "BuildingBlocks", "{B780CEEE-EFC4-4737-97D2-12145EF58303}"
EndProject
Project("{FAE04EC0-301F-11D3-BF4B-00C04F79EFBC}") = "BuildingBlocks", "BuildingBlocks\BuildingBlocks\BuildingBlocks.csproj", "{BB5BD479-E2F4-4E38-BD2D-0FAD5FCB89D4}"
EndProject
Project("{E53339B2-1760-4266-BCC7-CA923CBCF16C}") = "docker-compose", "docker-compose.dcproj", "{233B5255-7EDD-4D2C-BFEF-3524DD7D9987}"
EndProject
Project("{2150E333-8FDC-42A3-9474-1A3956D46DE8}") = "Basket", "Basket", "{5E105409-C6E9-4B15-AE60-93F52C75C113}"
EndProject
Project("{FAE04EC0-301F-11D3-BF4B-00C04F79EFBC}") = "Basket.API", "Services\Basket\Basket.API\Basket.API.csproj", "{A13D8CD3-E319-4FD4-92E9-19A797AF435F}"
EndProject
Global
	GlobalSection(SolutionConfigurationPlatforms) = preSolution
		Debug|Any CPU = Debug|Any CPU
		Release|Any CPU = Release|Any CPU
	EndGlobalSection
	GlobalSection(ProjectConfigurationPlatforms) = postSolution
		{BA4A5406-A5BC-4A92-972A-2B565913BF71}.Debug|Any CPU.ActiveCfg = Debug|Any CPU
		{BA4A5406-A5BC-4A92-972A-2B565913BF71}.Debug|Any CPU.Build.0 = Debug|Any CPU
		{BA4A5406-A5BC-4A92-972A-2B565913BF71}.Release|Any CPU.ActiveCfg = Release|Any CPU
		{BA4A5406-A5BC-4A92-972A-2B565913BF71}.Release|Any CPU.Build.0 = Release|Any CPU
		{BB5BD479-E2F4-4E38-BD2D-0FAD5FCB89D4}.Debug|Any CPU.ActiveCfg = Debug|Any CPU
		{BB5BD479-E2F4-4E38-BD2D-0FAD5FCB89D4}.Debug|Any CPU.Build.0 = Debug|Any CPU
		{BB5BD479-E2F4-4E38-BD2D-0FAD5FCB89D4}.Release|Any CPU.ActiveCfg = Release|Any CPU
		{BB5BD479-E2F4-4E38-BD2D-0FAD5FCB89D4}.Release|Any CPU.Build.0 = Release|Any CPU
		{233B5255-7EDD-4D2C-BFEF-3524DD7D9987}.Debug|Any CPU.ActiveCfg = Debug|Any CPU
		{233B5255-7EDD-4D2C-BFEF-3524DD7D9987}.Debug|Any CPU.Build.0 = Debug|Any CPU
		{233B5255-7EDD-4D2C-BFEF-3524DD7D9987}.Release|Any CPU.ActiveCfg = Release|Any CPU
		{233B5255-7EDD-4D2C-BFEF-3524DD7D9987}.Release|Any CPU.Build.0 = Release|Any CPU
		{A13D8CD3-E319-4FD4-92E9-19A797AF435F}.Debug|Any CPU.ActiveCfg = Debug|Any CPU
		{A13D8CD3-E319-4FD4-92E9-19A797AF435F}.Debug|Any CPU.Build.0 = Debug|Any CPU
		{A13D8CD3-E319-4FD4-92E9-19A797AF435F}.Release|Any CPU.ActiveCfg = Release|Any CPU
		{A13D8CD3-E319-4FD4-92E9-19A797AF435F}.Release|Any CPU.Build.0 = Release|Any CPU
	EndGlobalSection
	GlobalSection(SolutionProperties) = preSolution
		HideSolutionNode = FALSE
	EndGlobalSection
	GlobalSection(NestedProjects) = preSolution
		{87D09CF0-CEC5-4D09-BFF4-DF5E500B3587} = {FEC76007-110E-49C3-B69F-DD9A7FF6DE53}
		{BA4A5406-A5BC-4A92-972A-2B565913BF71} = {87D09CF0-CEC5-4D09-BFF4-DF5E500B3587}
		{BB5BD479-E2F4-4E38-BD2D-0FAD5FCB89D4} = {B780CEEE-EFC4-4737-97D2-12145EF58303}
		{5E105409-C6E9-4B15-AE60-93F52C75C113} = {FEC76007-110E-49C3-B69F-DD9A7FF6DE53}
		{A13D8CD3-E319-4FD4-92E9-19A797AF435F} = {5E105409-C6E9-4B15-AE60-93F52C75C113}
	EndGlobalSection
	GlobalSection(ExtensibilityGlobals) = postSolution
		SolutionGuid = {E6BBB201-0AD5-495D-8891-C4A1B8398CF6}
	EndGlobalSection
EndGlobal
